
Microsoft Visual Studio Solution File, Format Version 11.00
# Visual Studio 2010
Project("{FAE04EC0-301F-11D3-BF4B-00C04F79EFBC}") = "Assembly-CSharp", "Assembly-CSharp.csproj", "{19302c6a-8fbb-d2f9-cc17-2c92082729c7}"
EndProject
Project("{FAE04EC0-301F-11D3-BF4B-00C04F79EFBC}") = "Assembly-CSharp-Editor", "Assembly-CSharp-Editor.csproj", "{4b82333f-3d09-aa7e-ad32-46f4e6a0dbf9}"
EndProject
Global
	GlobalSection(SolutionConfigurationPlatforms) = preSolution
		Debug|Any CPU = Debug|Any CPU
	EndGlobalSection
	GlobalSection(ProjectConfigurationPlatforms) = postSolution
		{19302c6a-8fbb-d2f9-cc17-2c92082729c7}.Debug|Any CPU.ActiveCfg = Debug|Any CPU
		{19302c6a-8fbb-d2f9-cc17-2c92082729c7}.Debug|Any CPU.Build.0 = Debug|Any CPU
		{4b82333f-3d09-aa7e-ad32-46f4e6a0dbf9}.Debug|Any CPU.ActiveCfg = Debug|Any CPU
		{4b82333f-3d09-aa7e-ad32-46f4e6a0dbf9}.Debug|Any CPU.Build.0 = Debug|Any CPU
	EndGlobalSection
	GlobalSection(SolutionProperties) = preSolution
		HideSolutionNode = FALSE
	EndGlobalSection
EndGlobal
